{
  "name": "webim-webchat-demo",
  "version": "1.0.0",
  "lockfileVersion": 3,
  "requires": true,
  "packages": {
    "": {
      "name": "webim-webchat-demo",
      "version": "1.0.0",
      "license": "ISC",
      "dependencies": {
        "@vant/weapp": "^1.11.6",
        "mobx-miniprogram": "^6.12.3",
        "mobx-miniprogram-bindings": "^3.0.1",
        "vant-tree-shaking": "^1.0.4"
      }
    },
    "node_modules/@vant/weapp": {
      "version": "1.11.6",
      "resolved": "https://registry.npmjs.org/@vant/weapp/-/weapp-1.11.6.tgz",
      "integrity": "sha512-a3heReWYT2gNdsyj6x1hBwsM8V8NrjcPAmle86NH2CD2V/i/h0le75piW6KntSfOPCwekVWMBKhysNrBpJeKdw=="
    },
    "node_modules/mobx-miniprogram": {
      "version": "6.12.3",
      "resolved": "https://registry.npmjs.org/mobx-miniprogram/-/mobx-miniprogram-6.12.3.tgz",
      "integrity": "sha512-GEq1EG7jZPnrHYV43oppa6jY9lgbNRuGPiXyOFRoluHjd5LIGBf3a+zXMjzO1AVwrFOWvVRazxtzfiRXMUUqZw==",
      "funding": {
        "type": "opencollective",
        "url": "https://opencollective.com/mobx"
      }
    },
    "node_modules/mobx-miniprogram-bindings": {
      "version": "3.0.1",
      "resolved": "https://registry.npmjs.org/mobx-miniprogram-bindings/-/mobx-miniprogram-bindings-3.0.1.tgz",
      "integrity": "sha512-pS/l/9LBDThxMEW/AqNQzr1D/NrNRwMqBkgn6HSkIx4LuHiM6GhlJlOY5pygqj4XOreDwnPU1bxiC+6yLFsmiw==",
      "peerDependencies": {
        "mobx-miniprogram": "^6.0.0"
      }
    },
    "node_modules/vant-tree-shaking": {
      "version": "1.0.4",
      "resolved": "https://registry.npmjs.org/vant-tree-shaking/-/vant-tree-shaking-1.0.4.tgz",
      "integrity": "sha512-Ctg1zFXwKR01bePagf183RV4eFffeySJ5IoBhS+cD+7vueYsCa5/xFlZJvhF3pcR0R3x+3TL0zAIKluzUM4uRg==",
      "bin": {
        "vant-tree-shaking": "bin/vant-tree-shaking.js"
      }
    }
  }
}
