{
	"name": "easemob-websdk",
	"version": "3.0.6",
	"lockfileVersion": 1,
	"requires": true,
	"dependencies": {
		"Base64": {
			"version": "1.1.0",
			"resolved": "https://registry.npmjs.org/Base64/-/Base64-1.1.0.tgz",
			"integrity": "sha512-qeacf8dvGpf+XAT27ESHMh7z84uRzj/ua2pQdJg483m3bEXv/kVFtDnMgvf70BQGqzbZhR9t6BmASzKvqfJf3Q=="
		},
		"crypto-js": {
			"version": "3.1.9-1",
			"resolved": "https://registry.npmjs.org/crypto-js/-/crypto-js-3.1.9-1.tgz",
			"integrity": "sha1-/aGedh/Ad+Af+/3G6f38WeiAbNg="
		},
		"long": {
			"version": "4.0.0",
			"resolved": "https://registry.npmjs.org/long/-/long-4.0.0.tgz",
			"integrity": "sha512-XsP+KhQif4bjX1kbuSiySJFNAehNxgLb6hPRGJ9QsUr8ajHkuXGdrHmFUTUUXhDwVX2R5bY4JNZEwbUiMhV+MA=="
		}
	}
}
